# This file is automatically @generated by Cargo.
# It is not intended for manual editing.
version = 4

[[package]]
name = "bin2syx"
version = "0.0.0"
dependencies = [
 "embedded-io-adapters",
 "midi",
]

[[package]]
name = "circular-buffer"
version = "1.2.1"
source = "registry+https://github.com/rust-lang/crates.io-index"
checksum = "a77b57ca5f8cc834a94656d3186a8c515a7ba9026af03cf7694c29908b169205"
dependencies = [
 "embedded-io",
]

[[package]]
name = "embedded-io"
version = "0.6.1"
source = "registry+https://github.com/rust-lang/crates.io-index"
checksum = "edd0f118536f44f5ccd48bcb8b111bdc3de888b58c74639dfb034a357d0f206d"

[[package]]
name = "embedded-io-adapters"
version = "0.6.2"
source = "registry+https://github.com/rust-lang/crates.io-index"
checksum = "90ccf22c3feffc79593914c0b4be9a2ed6b11e44cf1f84fd6b77d2ee92de0077"
dependencies = [
 "embedded-io",
]

[[package]]
name = "midi"
version = "0.0.0"
dependencies = [
 "circular-buffer",
 "embedded-io",
]
