# This file is automatically @generated by Cargo.
# It is not intended for manual editing.
version = 4

[[package]]
name = "bin2syx"
version = "0.1.0"
dependencies = [
 "embedded-io-adapters",
 "midi-tools",
]

[[package]]
name = "circular-buffer"
version = "1.2.0"
source = "registry+https://github.com/rust-lang/crates.io-index"
checksum = "14c638459986b83c2b885179bd4ea6a2cbb05697b001501a56adb3a3d230803b"
dependencies = [
 "embedded-io",
]

[[package]]
name = "embedded-io"
version = "0.6.1"
source = "registry+https://github.com/rust-lang/crates.io-index"
checksum = "edd0f118536f44f5ccd48bcb8b111bdc3de888b58c74639dfb034a357d0f206d"

[[package]]
name = "embedded-io-adapters"
version = "0.6.2"
source = "registry+https://github.com/rust-lang/crates.io-index"
checksum = "90ccf22c3feffc79593914c0b4be9a2ed6b11e44cf1f84fd6b77d2ee92de0077"
dependencies = [
 "embedded-io",
]

[[package]]
name = "midi-tools"
version = "0.1.0"
dependencies = [
 "circular-buffer",
 "embedded-io",
]
