# This file is automatically @generated by Cargo.
# It is not intended for manual editing.
version = 4

[[package]]
name = "circular-buffer"
version = "1.2.0"
source = "registry+https://github.com/rust-lang/crates.io-index"
checksum = "14c638459986b83c2b885179bd4ea6a2cbb05697b001501a56adb3a3d230803b"
dependencies = [
 "embedded-io",
]

[[package]]
name = "embedded-io"
version = "0.6.1"
source = "registry+https://github.com/rust-lang/crates.io-index"
checksum = "edd0f118536f44f5ccd48bcb8b111bdc3de888b58c74639dfb034a357d0f206d"

[[package]]
name = "hex-literal"
version = "1.0.0"
source = "registry+https://github.com/rust-lang/crates.io-index"
checksum = "bcaaec4551594c969335c98c903c1397853d4198408ea609190f420500f6be71"

[[package]]
name = "midi-tools"
version = "0.1.0"
dependencies = [
 "circular-buffer",
 "embedded-io",
 "hex-literal",
]
